// !$*UTF8*$!
{
	archiveVersion = 1;
	classes = {
	};
	objectVersion = 51;
	objects = {

/* Begin PBXBuildFile section */
		4539237AC5BFD469031D6C44 /* Pods_TAPP_03.framework in Frameworks */ = {isa = PBXBuildFile; fileRef = 1B2D5F341976D3AB16B93E81 /* Pods_TAPP_03.framework */; };
		94105EA62493914200F8788A /* FirebaseViewController.swift in Sources */ = {isa = PBXBuildFile; fileRef = 94105EA52493914200F8788A /* FirebaseViewController.swift */; };
		9483888A2490F170002212E6 /* GoogleService-Info.plist in Resources */ = {isa = PBXBuildFile; fileRef = 948388892490F170002212E6 /* GoogleService-Info.plist */; };
		94BC30DF2462DD8F00CBC6A9 /* AppDelegate.swift in Sources */ = {isa = PBXBuildFile; fileRef = 94BC30DE2462DD8F00CBC6A9 /* AppDelegate.swift */; };
		94BC30E12462DD8F00CBC6A9 /* SceneDelegate.swift in Sources */ = {isa = PBXBuildFile; fileRef = 94BC30E02462DD8F00CBC6A9 /* SceneDelegate.swift */; };
		94BC30E32462DD8F00CBC6A9 /* FirstViewController.swift in Sources */ = {isa = PBXBuildFile; fileRef = 94BC30E22462DD8F00CBC6A9 /* FirstViewController.swift */; };
		94BC30E52462DD8F00CBC6A9 /* SecondViewController.swift in Sources */ = {isa = PBXBuildFile; fileRef = 94BC30E42462DD8F00CBC6A9 /* SecondViewController.swift */; };
		94BC30E82462DD8F00CBC6A9 /* Main.storyboard in Resources */ = {isa = PBXBuildFile; fileRef = 94BC30E62462DD8F00CBC6A9 /* Main.storyboard */; };
		94BC30EA2462DD9000CBC6A9 /* Assets.xcassets in Resources */ = {isa = PBXBuildFile; fileRef = 94BC30E92462DD9000CBC6A9 /* Assets.xcassets */; };
		94BC30ED2462DD9000CBC6A9 /* LaunchScreen.storyboard in Resources */ = {isa = PBXBuildFile; fileRef = 94BC30EB2462DD9000CBC6A9 /* LaunchScreen.storyboard */; };
		94C937F52497A27A0067AC14 /* PenDetailViewController.swift in Sources */ = {isa = PBXBuildFile; fileRef = 94C937F42497A27A0067AC14 /* PenDetailViewController.swift */; };
		94FA3AE72498ED4700C1EB74 /* TableViewController.swift in Sources */ = {isa = PBXBuildFile; fileRef = 94FA3AE62498ED4700C1EB74 /* TableViewController.swift */; };
		94FA3AE92499269B00C1EB74 /* AlarmViewController.swift in Sources */ = {isa = PBXBuildFile; fileRef = 94FA3AE82499269B00C1EB74 /* AlarmViewController.swift */; };
/* End PBXBuildFile section */

/* Begin PBXFileReference section */
		1B2D5F341976D3AB16B93E81 /* Pods_TAPP_03.framework */ = {isa = PBXFileReference; explicitFileType = wrapper.framework; includeInIndex = 0; path = Pods_TAPP_03.framework; sourceTree = BUILT_PRODUCTS_DIR; };
		668E0519F1B703A9ACF5E502 /* Pods-TAPP_03.release.xcconfig */ = {isa = PBXFileReference; includeInIndex = 1; lastKnownFileType = text.xcconfig; name = "Pods-TAPP_03.release.xcconfig"; path = "Target Support Files/Pods-TAPP_03/Pods-TAPP_03.release.xcconfig"; sourceTree = "<group>"; };
		6DA5F28655FF4587D6C26B7F /* Pods-TAPP_03.debug.xcconfig */ = {isa = PBXFileReference; includeInIndex = 1; lastKnownFileType = text.xcconfig; name = "Pods-TAPP_03.debug.xcconfig"; path = "Target Support Files/Pods-TAPP_03/Pods-TAPP_03.debug.xcconfig"; sourceTree = "<group>"; };
		94105EA52493914200F8788A /* FirebaseViewController.swift */ = {isa = PBXFileReference; lastKnownFileType = sourcecode.swift; path = FirebaseViewController.swift; sourceTree = "<group>"; };
		948388892490F170002212E6 /* GoogleService-Info.plist */ = {isa = PBXFileReference; fileEncoding = 4; lastKnownFileType = text.plist.xml; path = "GoogleService-Info.plist"; sourceTree = "<group>"; };
		94BC30DB2462DD8F00CBC6A9 /* TAPP_03.app */ = {isa = PBXFileReference; explicitFileType = wrapper.application; includeInIndex = 0; path = TAPP_03.app; sourceTree = BUILT_PRODUCTS_DIR; };
		94BC30DE2462DD8F00CBC6A9 /* AppDelegate.swift */ = {isa = PBXFileReference; lastKnownFileType = sourcecode.swift; path = AppDelegate.swift; sourceTree = "<group>"; };
		94BC30E02462DD8F00CBC6A9 /* SceneDelegate.swift */ = {isa = PBXFileReference; lastKnownFileType = sourcecode.swift; path = SceneDelegate.swift; sourceTree = "<group>"; };
		94BC30E22462DD8F00CBC6A9 /* FirstViewController.swift */ = {isa = PBXFileReference; lastKnownFileType = sourcecode.swift; path = FirstViewController.swift; sourceTree = "<group>"; };
		94BC30E42462DD8F00CBC6A9 /* SecondViewController.swift */ = {isa = PBXFileReference; lastKnownFileType = sourcecode.swift; path = SecondViewController.swift; sourceTree = "<group>"; };
		94BC30E72462DD8F00CBC6A9 /* Base */ = {isa = PBXFileReference; lastKnownFileType = file.storyboard; name = Base; path = Base.lproj/Main.storyboard; sourceTree = "<group>"; };
		94BC30E92462DD9000CBC6A9 /* Assets.xcassets */ = {isa = PBXFileReference; lastKnownFileType = folder.assetcatalog; path = Assets.xcassets; sourceTree = "<group>"; };
		94BC30EC2462DD9000CBC6A9 /* Base */ = {isa = PBXFileReference; lastKnownFileType = file.storyboard; name = Base; path = Base.lproj/LaunchScreen.storyboard; sourceTree = "<group>"; };
		94BC30EE2462DD9000CBC6A9 /* Info.plist */ = {isa = PBXFileReference; lastKnownFileType = text.plist.xml; path = Info.plist; sourceTree = "<group>"; };
		94C937F42497A27A0067AC14 /* PenDetailViewController.swift */ = {isa = PBXFileReference; lastKnownFileType = sourcecode.swift; path = PenDetailViewController.swift; sourceTree = "<group>"; };
		94FA3AE62498ED4700C1EB74 /* TableViewController.swift */ = {isa = PBXFileReference; lastKnownFileType = sourcecode.swift; path = TableViewController.swift; sourceTree = "<group>"; };
		94FA3AE82499269B00C1EB74 /* AlarmViewController.swift */ = {isa = PBXFileReference; lastKnownFileType = sourcecode.swift; path = AlarmViewController.swift; sourceTree = "<group>"; };
/* End PBXFileReference section */

/* Begin PBXFrameworksBuildPhase section */
		94BC30D82462DD8F00CBC6A9 /* Frameworks */ = {
			isa = PBXFrameworksBuildPhase;
			buildActionMask = 2147483647;
			files = (
				4539237AC5BFD469031D6C44 /* Pods_TAPP_03.framework in Frameworks */,
			);
			runOnlyForDeploymentPostprocessing = 0;
		};
/* End PBXFrameworksBuildPhase section */

/* Begin PBXGroup section */
		382D2FCAB390616E7CAB7962 /* Pods */ = {
			isa = PBXGroup;
			children = (
				6DA5F28655FF4587D6C26B7F /* Pods-TAPP_03.debug.xcconfig */,
				668E0519F1B703A9ACF5E502 /* Pods-TAPP_03.release.xcconfig */,
			);
			path = Pods;
			sourceTree = "<group>";
		};
		94BC30D22462DD8F00CBC6A9 = {
			isa = PBXGroup;
			children = (
				94BC30DD2462DD8F00CBC6A9 /* TAPP_03 */,
				94BC30DC2462DD8F00CBC6A9 /* Products */,
				382D2FCAB390616E7CAB7962 /* Pods */,
				DA82D32C90EAF3B486BD22E4 /* Frameworks */,
			);
			sourceTree = "<group>";
		};
		94BC30DC2462DD8F00CBC6A9 /* Products */ = {
			isa = PBXGroup;
			children = (
				94BC30DB2462DD8F00CBC6A9 /* TAPP_03.app */,
			);
			name = Products;
			sourceTree = "<group>";
		};
		94BC30DD2462DD8F00CBC6A9 /* TAPP_03 */ = {
			isa = PBXGroup;
			children = (
				94BC30DE2462DD8F00CBC6A9 /* AppDelegate.swift */,
				94BC30E02462DD8F00CBC6A9 /* SceneDelegate.swift */,
				94BC30E22462DD8F00CBC6A9 /* FirstViewController.swift */,
				94105EA52493914200F8788A /* FirebaseViewController.swift */,
				94FA3AE62498ED4700C1EB74 /* TableViewController.swift */,
				94BC30E42462DD8F00CBC6A9 /* SecondViewController.swift */,
				94FA3AE82499269B00C1EB74 /* AlarmViewController.swift */,
				94C937F42497A27A0067AC14 /* PenDetailViewController.swift */,
				94BC30E62462DD8F00CBC6A9 /* Main.storyboard */,
				94BC30E92462DD9000CBC6A9 /* Assets.xcassets */,
				94BC30EB2462DD9000CBC6A9 /* LaunchScreen.storyboard */,
				948388892490F170002212E6 /* GoogleService-Info.plist */,
				94BC30EE2462DD9000CBC6A9 /* Info.plist */,
			);
			path = TAPP_03;
			sourceTree = "<group>";
		};
		DA82D32C90EAF3B486BD22E4 /* Frameworks */ = {
			isa = PBXGroup;
			children = (
				1B2D5F341976D3AB16B93E81 /* Pods_TAPP_03.framework */,
			);
			name = Frameworks;
			sourceTree = "<group>";
		};
/* End PBXGroup section */

/* Begin PBXNativeTarget section */
		94BC30DA2462DD8F00CBC6A9 /* TAPP_03 */ = {
			isa = PBXNativeTarget;
			buildConfigurationList = 94BC30F12462DD9000CBC6A9 /* Build configuration list for PBXNativeTarget "TAPP_03" */;
			buildPhases = (
				6AEBA3A60A1C6E6E27AC02B2 /* [CP] Check Pods Manifest.lock */,
				94BC30D72462DD8F00CBC6A9 /* Sources */,
				94BC30D82462DD8F00CBC6A9 /* Frameworks */,
				94BC30D92462DD8F00CBC6A9 /* Resources */,
				1335C1BDBDC60D4F25F174A3 /* [CP] Embed Pods Frameworks */,
				E0B820D90816ECF799C4594A /* [CP] Copy Pods Resources */,
			);
			buildRules = (
			);
			dependencies = (
			);
			name = TAPP_03;
			productName = TAPP_03;
			productReference = 94BC30DB2462DD8F00CBC6A9 /* TAPP_03.app */;
			productType = "com.apple.product-type.application";
		};
/* End PBXNativeTarget section */

/* Begin PBXProject section */
		94BC30D32462DD8F00CBC6A9 /* Project object */ = {
			isa = PBXProject;
			attributes = {
				LastSwiftUpdateCheck = 1130;
				LastUpgradeCheck = 1130;
				ORGANIZATIONNAME = "Mads Janner Pedersen";
				TargetAttributes = {
					94BC30DA2462DD8F00CBC6A9 = {
						CreatedOnToolsVersion = 11.3.1;
					};
				};
			};
			buildConfigurationList = 94BC30D62462DD8F00CBC6A9 /* Build configuration list for PBXProject "TAPP_03" */;
			compatibilityVersion = "Xcode 9.3";
			developmentRegion = en;
			hasScannedForEncodings = 0;
			knownRegions = (
				en,
				Base,
			);
			mainGroup = 94BC30D22462DD8F00CBC6A9;
			productRefGroup = 94BC30DC2462DD8F00CBC6A9 /* Products */;
			projectDirPath = "";
			projectRoot = "";
			targets = (
				94BC30DA2462DD8F00CBC6A9 /* TAPP_03 */,
			);
		};
/* End PBXProject section */

/* Begin PBXResourcesBuildPhase section */
		94BC30D92462DD8F00CBC6A9 /* Resources */ = {
			isa = PBXResourcesBuildPhase;
			buildActionMask = 2147483647;
			files = (
				94BC30ED2462DD9000CBC6A9 /* LaunchScreen.storyboard in Resources */,
				9483888A2490F170002212E6 /* GoogleService-Info.plist in Resources */,
				94BC30EA2462DD9000CBC6A9 /* Assets.xcassets in Resources */,
				94BC30E82462DD8F00CBC6A9 /* Main.storyboard in Resources */,
			);
			runOnlyForDeploymentPostprocessing = 0;
		};
/* End PBXResourcesBuildPhase section */

/* Begin PBXShellScriptBuildPhase section */
		1335C1BDBDC60D4F25F174A3 /* [CP] Embed Pods Frameworks */ = {
			isa = PBXShellScriptBuildPhase;
			buildActionMask = 2147483647;
			files = (
			);
			inputFileListPaths = (
				"${PODS_ROOT}/Target Support Files/Pods-TAPP_03/Pods-TAPP_03-frameworks-${CONFIGURATION}-input-files.xcfilelist",
			);
			name = "[CP] Embed Pods Frameworks";
			outputFileListPaths = (
				"${PODS_ROOT}/Target Support Files/Pods-TAPP_03/Pods-TAPP_03-frameworks-${CONFIGURATION}-output-files.xcfilelist",
			);
			runOnlyForDeploymentPostprocessing = 0;
			shellPath = /bin/sh;
			shellScript = "\"${PODS_ROOT}/Target Support Files/Pods-TAPP_03/Pods-TAPP_03-frameworks.sh\"\n";
			showEnvVarsInLog = 0;
		};
		6AEBA3A60A1C6E6E27AC02B2 /* [CP] Check Pods Manifest.lock */ = {
			isa = PBXShellScriptBuildPhase;
			buildActionMask = 2147483647;
			files = (
			);
			inputFileListPaths = (
			);
			inputPaths = (
				"${PODS_PODFILE_DIR_PATH}/Podfile.lock",
				"${PODS_ROOT}/Manifest.lock",
			);
			name = "[CP] Check Pods Manifest.lock";
			outputFileListPaths = (
			);
			outputPaths = (
				"$(DERIVED_FILE_DIR)/Pods-TAPP_03-checkManifestLockResult.txt",
			);
			runOnlyForDeploymentPostprocessing = 0;
			shellPath = /bin/sh;
			shellScript = "diff \"${PODS_PODFILE_DIR_PATH}/Podfile.lock\" \"${PODS_ROOT}/Manifest.lock\" > /dev/null\nif [ $? != 0 ] ; then\n    # print error to STDERR\n    echo \"error: The sandbox is not in sync with the Podfile.lock. Run 'pod install' or update your CocoaPods installation.\" >&2\n    exit 1\nfi\n# This output is used by Xcode 'outputs' to avoid re-running this script phase.\necho \"SUCCESS\" > \"${SCRIPT_OUTPUT_FILE_0}\"\n";
			showEnvVarsInLog = 0;
		};
		E0B820D90816ECF799C4594A /* [CP] Copy Pods Resources */ = {
			isa = PBXShellScriptBuildPhase;
			buildActionMask = 2147483647;
			files = (
			);
			inputFileListPaths = (
				"${PODS_ROOT}/Target Support Files/Pods-TAPP_03/Pods-TAPP_03-resources-${CONFIGURATION}-input-files.xcfilelist",
			);
			name = "[CP] Copy Pods Resources";
			outputFileListPaths = (
				"${PODS_ROOT}/Target Support Files/Pods-TAPP_03/Pods-TAPP_03-resources-${CONFIGURATION}-output-files.xcfilelist",
			);
			runOnlyForDeploymentPostprocessing = 0;
			shellPath = /bin/sh;
			shellScript = "\"${PODS_ROOT}/Target Support Files/Pods-TAPP_03/Pods-TAPP_03-resources.sh\"\n";
			showEnvVarsInLog = 0;
		};
/* End PBXShellScriptBuildPhase section */

/* Begin PBXSourcesBuildPhase section */
		94BC30D72462DD8F00CBC6A9 /* Sources */ = {
			isa = PBXSourcesBuildPhase;
			buildActionMask = 2147483647;
			files = (
				94BC30E52462DD8F00CBC6A9 /* SecondViewController.swift in Sources */,
				94BC30E32462DD8F00CBC6A9 /* FirstViewController.swift in Sources */,
				94BC30DF2462DD8F00CBC6A9 /* AppDelegate.swift in Sources */,
				94FA3AE72498ED4700C1EB74 /* TableViewController.swift in Sources */,
				94FA3AE92499269B00C1EB74 /* AlarmViewController.swift in Sources */,
				94C937F52497A27A0067AC14 /* PenDetailViewController.swift in Sources */,
				94BC30E12462DD8F00CBC6A9 /* SceneDelegate.swift in Sources */,
				94105EA62493914200F8788A /* FirebaseViewController.swift in Sources */,
			);
			runOnlyForDeploymentPostprocessing = 0;
		};
/* End PBXSourcesBuildPhase section */

/* Begin PBXVariantGroup section */
		94BC30E62462DD8F00CBC6A9 /* Main.storyboard */ = {
			isa = PBXVariantGroup;
			children = (
				94BC30E72462DD8F00CBC6A9 /* Base */,
			);
			name = Main.storyboard;
			sourceTree = "<group>";
		};
		94BC30EB2462DD9000CBC6A9 /* LaunchScreen.storyboard */ = {
			isa = PBXVariantGroup;
			children = (
				94BC30EC2462DD9000CBC6A9 /* Base */,
			);
			name = LaunchScreen.storyboard;
			sourceTree = "<group>";
		};
/* End PBXVariantGroup section */

/* Begin XCBuildConfiguration section */
		94BC30EF2462DD9000CBC6A9 /* Debug */ = {
			isa = XCBuildConfiguration;
			buildSettings = {
				ALWAYS_SEARCH_USER_PATHS = NO;
				CLANG_ANALYZER_NONNULL = YES;
				CLANG_ANALYZER_NUMBER_OBJECT_CONVERSION = YES_AGGRESSIVE;
				CLANG_CXX_LANGUAGE_STANDARD = "gnu++14";
				CLANG_CXX_LIBRARY = "libc++";
				CLANG_ENABLE_MODULES = YES;
				CLANG_ENABLE_OBJC_ARC = YES;
				CLANG_ENABLE_OBJC_WEAK = YES;
				CLANG_WARN_BLOCK_CAPTURE_AUTORELEASING = YES;
				CLANG_WARN_BOOL_CONVERSION = YES;
				CLANG_WARN_COMMA = YES;
				CLANG_WARN_CONSTANT_CONVERSION = YES;
				CLANG_WARN_DEPRECATED_OBJC_IMPLEMENTATIONS = YES;
				CLANG_WARN_DIRECT_OBJC_ISA_USAGE = YES_ERROR;
				CLANG_WARN_DOCUMENTATION_COMMENTS = YES;
				CLANG_WARN_EMPTY_BODY = YES;
				CLANG_WARN_ENUM_CONVERSION = YES;
				CLANG_WARN_INFINITE_RECURSION = YES;
				CLANG_WARN_INT_CONVERSION = YES;
				CLANG_WARN_NON_LITERAL_NULL_CONVERSION = YES;
				CLANG_WARN_OBJC_IMPLICIT_RETAIN_SELF = YES;
				CLANG_WARN_OBJC_LITERAL_CONVERSION = YES;
				CLANG_WARN_OBJC_ROOT_CLASS = YES_ERROR;
				CLANG_WARN_RANGE_LOOP_ANALYSIS = YES;
				CLANG_WARN_STRICT_PROTOTYPES = YES;
				CLANG_WARN_SUSPICIOUS_MOVE = YES;
				CLANG_WARN_UNGUARDED_AVAILABILITY = YES_AGGRESSIVE;
				CLANG_WARN_UNREACHABLE_CODE = YES;
				CLANG_WARN__DUPLICATE_METHOD_MATCH = YES;
				COPY_PHASE_STRIP = NO;
				DEBUG_INFORMATION_FORMAT = dwarf;
				ENABLE_STRICT_OBJC_MSGSEND = YES;
				ENABLE_TESTABILITY = YES;
				GCC_C_LANGUAGE_STANDARD = gnu11;
				GCC_DYNAMIC_NO_PIC = NO;
				GCC_NO_COMMON_BLOCKS = YES;
				GCC_OPTIMIZATION_LEVEL = 0;
				GCC_PREPROCESSOR_DEFINITIONS = (
					"DEBUG=1",
					"$(inherited)",
				);
				GCC_WARN_64_TO_32_BIT_CONVERSION = YES;
				GCC_WARN_ABOUT_RETURN_TYPE = YES_ERROR;
				GCC_WARN_UNDECLARED_SELECTOR = YES;
				GCC_WARN_UNINITIALIZED_AUTOS = YES_AGGRESSIVE;
				GCC_WARN_UNUSED_FUNCTION = YES;
				GCC_WARN_UNUSED_VARIABLE = YES;
				IPHONEOS_DEPLOYMENT_TARGET = 13.2;
				MTL_ENABLE_DEBUG_INFO = INCLUDE_SOURCE;
				MTL_FAST_MATH = YES;
				ONLY_ACTIVE_ARCH = YES;
				SDKROOT = iphoneos;
				SWIFT_ACTIVE_COMPILATION_CONDITIONS = DEBUG;
				SWIFT_OPTIMIZATION_LEVEL = "-Onone";
			};
			name = Debug;
		};
		94BC30F02462DD9000CBC6A9 /* Release */ = {
			isa = XCBuildConfiguration;
			buildSettings = {
				ALWAYS_SEARCH_USER_PATHS = NO;
				CLANG_ANALYZER_NONNULL = YES;
				CLANG_ANALYZER_NUMBER_OBJECT_CONVERSION = YES_AGGRESSIVE;
				CLANG_CXX_LANGUAGE_STANDARD = "gnu++14";
				CLANG_CXX_LIBRARY = "libc++";
				CLANG_ENABLE_MODULES = YES;
				CLANG_ENABLE_OBJC_ARC = YES;
				CLANG_ENABLE_OBJC_WEAK = YES;
				CLANG_WARN_BLOCK_CAPTURE_AUTORELEASING = YES;
				CLANG_WARN_BOOL_CONVERSION = YES;
				CLANG_WARN_COMMA = YES;
				CLANG_WARN_CONSTANT_CONVERSION = YES;
				CLANG_WARN_DEPRECATED_OBJC_IMPLEMENTATIONS = YES;
				CLANG_WARN_DIRECT_OBJC_ISA_USAGE = YES_ERROR;
				CLANG_WARN_DOCUMENTATION_COMMENTS = YES;
				CLANG_WARN_EMPTY_BODY = YES;
				CLANG_WARN_ENUM_CONVERSION = YES;
				CLANG_WARN_INFINITE_RECURSION = YES;
				CLANG_WARN_INT_CONVERSION = YES;
				CLANG_WARN_NON_LITERAL_NULL_CONVERSION = YES;
				CLANG_WARN_OBJC_IMPLICIT_RETAIN_SELF = YES;
				CLANG_WARN_OBJC_LITERAL_CONVERSION = YES;
				CLANG_WARN_OBJC_ROOT_CLASS = YES_ERROR;
				CLANG_WARN_RANGE_LOOP_ANALYSIS = YES;
				CLANG_WARN_STRICT_PROTOTYPES = YES;
				CLANG_WARN_SUSPICIOUS_MOVE = YES;
				CLANG_WARN_UNGUARDED_AVAILABILITY = YES_AGGRESSIVE;
				CLANG_WARN_UNREACHABLE_CODE = YES;
				CLANG_WARN__DUPLICATE_METHOD_MATCH = YES;
				COPY_PHASE_STRIP = NO;
				DEBUG_INFORMATION_FORMAT = "dwarf-with-dsym";
				ENABLE_NS_ASSERTIONS = NO;
				ENABLE_STRICT_OBJC_MSGSEND = YES;
				GCC_C_LANGUAGE_STANDARD = gnu11;
				GCC_NO_COMMON_BLOCKS = YES;
				GCC_WARN_64_TO_32_BIT_CONVERSION = YES;
				GCC_WARN_ABOUT_RETURN_TYPE = YES_ERROR;
				GCC_WARN_UNDECLARED_SELECTOR = YES;
				GCC_WARN_UNINITIALIZED_AUTOS = YES_AGGRESSIVE;
				GCC_WARN_UNUSED_FUNCTION = YES;
				GCC_WARN_UNUSED_VARIABLE = YES;
				IPHONEOS_DEPLOYMENT_TARGET = 13.2;
				MTL_ENABLE_DEBUG_INFO = NO;
				MTL_FAST_MATH = YES;
				SDKROOT = iphoneos;
				SWIFT_COMPILATION_MODE = wholemodule;
				SWIFT_OPTIMIZATION_LEVEL = "-O";
				VALIDATE_PRODUCT = YES;
			};
			name = Release;
		};
		94BC30F22462DD9000CBC6A9 /* Debug */ = {
			isa = XCBuildConfiguration;
			baseConfigurationReference = 6DA5F28655FF4587D6C26B7F /* Pods-TAPP_03.debug.xcconfig */;
			buildSettings = {
				ASSETCATALOG_COMPILER_APPICON_NAME = AppIcon;
				CODE_SIGN_STYLE = Automatic;
				DEVELOPMENT_TEAM = G6TSQJ6DQ5;
				INFOPLIST_FILE = TAPP_03/Info.plist;
				LD_RUNPATH_SEARCH_PATHS = (
					"$(inherited)",
					"@executable_path/Frameworks",
				);
				PRODUCT_BUNDLE_IDENTIFIER = "DTU-SUIT.TAPP-03";
				PRODUCT_NAME = "$(TARGET_NAME)";
				SWIFT_VERSION = 5.0;
				TARGETED_DEVICE_FAMILY = "1,2";
			};
			name = Debug;
		};
		94BC30F32462DD9000CBC6A9 /* Release */ = {
			isa = XCBuildConfiguration;
			baseConfigurationReference = 668E0519F1B703A9ACF5E502 /* Pods-TAPP_03.release.xcconfig */;
			buildSettings = {
				ASSETCATALOG_COMPILER_APPICON_NAME = AppIcon;
				CODE_SIGN_STYLE = Automatic;
				DEVELOPMENT_TEAM = G6TSQJ6DQ5;
				INFOPLIST_FILE = TAPP_03/Info.plist;
				LD_RUNPATH_SEARCH_PATHS = (
					"$(inherited)",
					"@executable_path/Frameworks",
				);
				PRODUCT_BUNDLE_IDENTIFIER = "DTU-SUIT.TAPP-03";
				PRODUCT_NAME = "$(TARGET_NAME)";
				SWIFT_VERSION = 5.0;
				TARGETED_DEVICE_FAMILY = "1,2";
			};
			name = Release;
		};
/* End XCBuildConfiguration section */

/* Begin XCConfigurationList section */
		94BC30D62462DD8F00CBC6A9 /* Build configuration list for PBXProject "TAPP_03" */ = {
			isa = XCConfigurationList;
			buildConfigurations = (
				94BC30EF2462DD9000CBC6A9 /* Debug */,
				94BC30F02462DD9000CBC6A9 /* Release */,
			);
			defaultConfigurationIsVisible = 0;
			defaultConfigurationName = Release;
		};
		94BC30F12462DD9000CBC6A9 /* Build configuration list for PBXNativeTarget "TAPP_03" */ = {
			isa = XCConfigurationList;
			buildConfigurations = (
				94BC30F22462DD9000CBC6A9 /* Debug */,
				94BC30F32462DD9000CBC6A9 /* Release */,
			);
			defaultConfigurationIsVisible = 0;
			defaultConfigurationName = Release;
		};
/* End XCConfigurationList section */
	};
	rootObject = 94BC30D32462DD8F00CBC6A9 /* Project object */;
}
